{
    "_meta": {
        "hash": {
            "sha256": "3e40747dab7ad32b03899b5e8e4f999276e4b52ad4e81f5e8867496fcdffe339"
        },
        "pipfile-spec": 6,
        "requires": {
            "python_version": "3.8"
        },
        "sources": [
            {
                "name": "pypi",
                "url": "https://pypi.org/simple",
                "verify_ssl": true
            }
        ]
    },
    "default": {
        "scapy": {
            "hashes": [
                "sha256:ecfd7a14cd9c3ef0eb08d28d5bb71d97219edff1454ccbdff229f676b27900ee"
            ],
            "index": "pypi",
            "version": "==2.4.4"
        },
        "tqdm": {
            "hashes": [
                "sha256:8f3c5815e3b5e20bc40463fa6b42a352178859692a68ffaa469706e6d38342a5",
                "sha256:faf9c671bd3fad5ebaeee366949d969dca2b2be32c872a7092a1e1a9048d105b"
            ],
            "index": "pypi",
            "version": "==4.49.0"
        }
    },
    "develop": {}
}
